
Microsoft Visual Studio Solution File, Format Version 12.00
# Visual Studio Version 17
VisualStudioVersion = 17.13.35828.75 d17.13
MinimumVisualStudioVersion = 10.0.40219.1
Project("{FAE04EC0-301F-11D3-BF4B-00C04F79EFBC}") = "Problem Solving", "Problem Solving.csproj", "{C5606964-6219-4E5E-A1DB-A4DA25B44BF2}"
EndProject
Global
	GlobalSection(SolutionConfigurationPlatforms) = preSolution
		Debug|Any CPU = Debug|Any CPU
		Release|Any CPU = Release|Any CPU
	EndGlobalSection
	GlobalSection(ProjectConfigurationPlatforms) = postSolution
		{C5606964-6219-4E5E-A1DB-A4DA25B44BF2}.Debug|Any CPU.ActiveCfg = Debug|Any CPU
		{C5606964-6219-4E5E-A1DB-A4DA25B44BF2}.Debug|Any CPU.Build.0 = Debug|Any CPU
		{C5606964-6219-4E5E-A1DB-A4DA25B44BF2}.Release|Any CPU.ActiveCfg = Release|Any CPU
		{C5606964-6219-4E5E-A1DB-A4DA25B44BF2}.Release|Any CPU.Build.0 = Release|Any CPU
	EndGlobalSection
	GlobalSection(SolutionProperties) = preSolution
		HideSolutionNode = FALSE
	EndGlobalSection
	GlobalSection(ExtensibilityGlobals) = postSolution
		SolutionGuid = {713547EA-5A99-4C3B-8A57-6E85B2F20D71}
	EndGlobalSection
EndGlobal
